// !$*UTF8*$!
{
	archiveVersion = 1;
	classes = {
	};
	objectVersion = 46;
	objects = {

/* Begin PBXBuildFile section */
		83E7D211175AC24B00EDCAF2 /* UIKit.framework in Frameworks */ = {isa = PBXBuildFile; fileRef = 83E7D210175AC24B00EDCAF2 /* UIKit.framework */; };
		83E7D213175AC24B00EDCAF2 /* Foundation.framework in Frameworks */ = {isa = PBXBuildFile; fileRef = 83E7D212175AC24B00EDCAF2 /* Foundation.framework */; };
		83E7D215175AC24B00EDCAF2 /* CoreGraphics.framework in Frameworks */ = {isa = PBXBuildFile; fileRef = 83E7D214175AC24B00EDCAF2 /* CoreGraphics.framework */; };
		83E7D217175AC24B00EDCAF2 /* CoreData.framework in Frameworks */ = {isa = PBXBuildFile; fileRef = 83E7D216175AC24B00EDCAF2 /* CoreData.framework */; };
		83E7D21D175AC24B00EDCAF2 /* InfoPlist.strings in Resources */ = {isa = PBXBuildFile; fileRef = 83E7D21B175AC24B00EDCAF2 /* InfoPlist.strings */; };
		83E7D21F175AC24B00EDCAF2 /* main.m in Sources */ = {isa = PBXBuildFile; fileRef = 83E7D21E175AC24B00EDCAF2 /* main.m */; };
		83E7D223175AC24B00EDCAF2 /* ChunkTaskAppDelegate.m in Sources */ = {isa = PBXBuildFile; fileRef = 83E7D222175AC24B00EDCAF2 /* ChunkTaskAppDelegate.m */; };
		83E7D225175AC24B00EDCAF2 /* Default.png in Resources */ = {isa = PBXBuildFile; fileRef = 83E7D224175AC24B00EDCAF2 /* Default.png */; };
		83E7D227175AC24B00EDCAF2 /* Default@2x.png in Resources */ = {isa = PBXBuildFile; fileRef = 83E7D226175AC24B00EDCAF2 /* Default@2x.png */; };
		83E7D229175AC24B00EDCAF2 /* Default-568h@2x.png in Resources */ = {isa = PBXBuildFile; fileRef = 83E7D228175AC24B00EDCAF2 /* Default-568h@2x.png */; };
		83E7D22C175AC24B00EDCAF2 /* MainStoryboard_iPhone.storyboard in Resources */ = {isa = PBXBuildFile; fileRef = 83E7D22A175AC24B00EDCAF2 /* MainStoryboard_iPhone.storyboard */; };
		83E7D22F175AC24B00EDCAF2 /* MainStoryboard_iPad.storyboard in Resources */ = {isa = PBXBuildFile; fileRef = 83E7D22D175AC24B00EDCAF2 /* MainStoryboard_iPad.storyboard */; };
		83E7D232175AC24B00EDCAF2 /* ChunkTask.xcdatamodeld in Sources */ = {isa = PBXBuildFile; fileRef = 83E7D230175AC24B00EDCAF2 /* ChunkTask.xcdatamodeld */; };
		83E7D235175AC24B00EDCAF2 /* ChunkTaskMainViewController.m in Sources */ = {isa = PBXBuildFile; fileRef = 83E7D234175AC24B00EDCAF2 /* ChunkTaskMainViewController.m */; };
		83E7D238175AC24B00EDCAF2 /* ChunkTaskFlipsideViewController.m in Sources */ = {isa = PBXBuildFile; fileRef = 83E7D237175AC24B00EDCAF2 /* ChunkTaskFlipsideViewController.m */; };
		83E7D240175AC24B00EDCAF2 /* SenTestingKit.framework in Frameworks */ = {isa = PBXBuildFile; fileRef = 83E7D23F175AC24B00EDCAF2 /* SenTestingKit.framework */; };
		83E7D241175AC24B00EDCAF2 /* UIKit.framework in Frameworks */ = {isa = PBXBuildFile; fileRef = 83E7D210175AC24B00EDCAF2 /* UIKit.framework */; };
		83E7D242175AC24B00EDCAF2 /* Foundation.framework in Frameworks */ = {isa = PBXBuildFile; fileRef = 83E7D212175AC24B00EDCAF2 /* Foundation.framework */; };
		83E7D243175AC24B00EDCAF2 /* CoreData.framework in Frameworks */ = {isa = PBXBuildFile; fileRef = 83E7D216175AC24B00EDCAF2 /* CoreData.framework */; };
		83E7D24B175AC24B00EDCAF2 /* InfoPlist.strings in Resources */ = {isa = PBXBuildFile; fileRef = 83E7D249175AC24B00EDCAF2 /* InfoPlist.strings */; };
		83E7D24E175AC24B00EDCAF2 /* ChunkTaskTests.m in Sources */ = {isa = PBXBuildFile; fileRef = 83E7D24D175AC24B00EDCAF2 /* ChunkTaskTests.m */; };
/* End PBXBuildFile section */

/* Begin PBXContainerItemProxy section */
		83E7D244175AC24B00EDCAF2 /* PBXContainerItemProxy */ = {
			isa = PBXContainerItemProxy;
			containerPortal = 83E7D205175AC24A00EDCAF2 /* Project object */;
			proxyType = 1;
			remoteGlobalIDString = 83E7D20C175AC24A00EDCAF2;
			remoteInfo = ChunkTask;
		};
/* End PBXContainerItemProxy section */

/* Begin PBXFileReference section */
		83E7D20D175AC24A00EDCAF2 /* ChunkTask.app */ = {isa = PBXFileReference; explicitFileType = wrapper.application; includeInIndex = 0; path = ChunkTask.app; sourceTree = BUILT_PRODUCTS_DIR; };
		83E7D210175AC24B00EDCAF2 /* UIKit.framework */ = {isa = PBXFileReference; lastKnownFileType = wrapper.framework; name = UIKit.framework; path = System/Library/Frameworks/UIKit.framework; sourceTree = SDKROOT; };
		83E7D212175AC24B00EDCAF2 /* Foundation.framework */ = {isa = PBXFileReference; lastKnownFileType = wrapper.framework; name = Foundation.framework; path = System/Library/Frameworks/Foundation.framework; sourceTree = SDKROOT; };
		83E7D214175AC24B00EDCAF2 /* CoreGraphics.framework */ = {isa = PBXFileReference; lastKnownFileType = wrapper.framework; name = CoreGraphics.framework; path = System/Library/Frameworks/CoreGraphics.framework; sourceTree = SDKROOT; };
		83E7D216175AC24B00EDCAF2 /* CoreData.framework */ = {isa = PBXFileReference; lastKnownFileType = wrapper.framework; name = CoreData.framework; path = System/Library/Frameworks/CoreData.framework; sourceTree = SDKROOT; };
		83E7D21A175AC24B00EDCAF2 /* ChunkTask-Info.plist */ = {isa = PBXFileReference; lastKnownFileType = text.plist.xml; path = "ChunkTask-Info.plist"; sourceTree = "<group>"; };
		83E7D21C175AC24B00EDCAF2 /* en */ = {isa = PBXFileReference; lastKnownFileType = text.plist.strings; name = en; path = en.lproj/InfoPlist.strings; sourceTree = "<group>"; };
		83E7D21E175AC24B00EDCAF2 /* main.m */ = {isa = PBXFileReference; lastKnownFileType = sourcecode.c.objc; path = main.m; sourceTree = "<group>"; };
		83E7D220175AC24B00EDCAF2 /* ChunkTask-Prefix.pch */ = {isa = PBXFileReference; lastKnownFileType = sourcecode.c.h; path = "ChunkTask-Prefix.pch"; sourceTree = "<group>"; };
		83E7D221175AC24B00EDCAF2 /* ChunkTaskAppDelegate.h */ = {isa = PBXFileReference; lastKnownFileType = sourcecode.c.h; path = ChunkTaskAppDelegate.h; sourceTree = "<group>"; };
		83E7D222175AC24B00EDCAF2 /* ChunkTaskAppDelegate.m */ = {isa = PBXFileReference; lastKnownFileType = sourcecode.c.objc; path = ChunkTaskAppDelegate.m; sourceTree = "<group>"; };
		83E7D224175AC24B00EDCAF2 /* Default.png */ = {isa = PBXFileReference; lastKnownFileType = image.png; path = Default.png; sourceTree = "<group>"; };
		83E7D226175AC24B00EDCAF2 /* Default@2x.png */ = {isa = PBXFileReference; lastKnownFileType = image.png; path = "Default@2x.png"; sourceTree = "<group>"; };
		83E7D228175AC24B00EDCAF2 /* Default-568h@2x.png */ = {isa = PBXFileReference; lastKnownFileType = image.png; path = "Default-568h@2x.png"; sourceTree = "<group>"; };
		83E7D22B175AC24B00EDCAF2 /* en */ = {isa = PBXFileReference; lastKnownFileType = file.storyboard; name = en; path = en.lproj/MainStoryboard_iPhone.storyboard; sourceTree = "<group>"; };
		83E7D22E175AC24B00EDCAF2 /* en */ = {isa = PBXFileReference; lastKnownFileType = file.storyboard; name = en; path = en.lproj/MainStoryboard_iPad.storyboard; sourceTree = "<group>"; };
		83E7D231175AC24B00EDCAF2 /* ChunkTask.xcdatamodel */ = {isa = PBXFileReference; lastKnownFileType = wrapper.xcdatamodel; path = ChunkTask.xcdatamodel; sourceTree = "<group>"; };
		83E7D233175AC24B00EDCAF2 /* ChunkTaskMainViewController.h */ = {isa = PBXFileReference; lastKnownFileType = sourcecode.c.h; path = ChunkTaskMainViewController.h; sourceTree = "<group>"; };
		83E7D234175AC24B00EDCAF2 /* ChunkTaskMainViewController.m */ = {isa = PBXFileReference; lastKnownFileType = sourcecode.c.objc; path = ChunkTaskMainViewController.m; sourceTree = "<group>"; };
		83E7D236175AC24B00EDCAF2 /* ChunkTaskFlipsideViewController.h */ = {isa = PBXFileReference; lastKnownFileType = sourcecode.c.h; path = ChunkTaskFlipsideViewController.h; sourceTree = "<group>"; };
		83E7D237175AC24B00EDCAF2 /* ChunkTaskFlipsideViewController.m */ = {isa = PBXFileReference; lastKnownFileType = sourcecode.c.objc; path = ChunkTaskFlipsideViewController.m; sourceTree = "<group>"; };
		83E7D23E175AC24B00EDCAF2 /* ChunkTaskTests.octest */ = {isa = PBXFileReference; explicitFileType = wrapper.cfbundle; includeInIndex = 0; path = ChunkTaskTests.octest; sourceTree = BUILT_PRODUCTS_DIR; };
		83E7D23F175AC24B00EDCAF2 /* SenTestingKit.framework */ = {isa = PBXFileReference; lastKnownFileType = wrapper.framework; name = SenTestingKit.framework; path = Library/Frameworks/SenTestingKit.framework; sourceTree = DEVELOPER_DIR; };
		83E7D248175AC24B00EDCAF2 /* ChunkTaskTests-Info.plist */ = {isa = PBXFileReference; lastKnownFileType = text.plist.xml; path = "ChunkTaskTests-Info.plist"; sourceTree = "<group>"; };
		83E7D24A175AC24B00EDCAF2 /* en */ = {isa = PBXFileReference; lastKnownFileType = text.plist.strings; name = en; path = en.lproj/InfoPlist.strings; sourceTree = "<group>"; };
		83E7D24C175AC24B00EDCAF2 /* ChunkTaskTests.h */ = {isa = PBXFileReference; lastKnownFileType = sourcecode.c.h; path = ChunkTaskTests.h; sourceTree = "<group>"; };
		83E7D24D175AC24B00EDCAF2 /* ChunkTaskTests.m */ = {isa = PBXFileReference; lastKnownFileType = sourcecode.c.objc; path = ChunkTaskTests.m; sourceTree = "<group>"; };
/* End PBXFileReference section */

/* Begin PBXFrameworksBuildPhase section */
		83E7D20A175AC24A00EDCAF2 /* Frameworks */ = {
			isa = PBXFrameworksBuildPhase;
			buildActionMask = 2147483647;
			files = (
				83E7D211175AC24B00EDCAF2 /* UIKit.framework in Frameworks */,
				83E7D213175AC24B00EDCAF2 /* Foundation.framework in Frameworks */,
				83E7D215175AC24B00EDCAF2 /* CoreGraphics.framework in Frameworks */,
				83E7D217175AC24B00EDCAF2 /* CoreData.framework in Frameworks */,
			);
			runOnlyForDeploymentPostprocessing = 0;
		};
		83E7D23A175AC24B00EDCAF2 /* Frameworks */ = {
			isa = PBXFrameworksBuildPhase;
			buildActionMask = 2147483647;
			files = (
				83E7D240175AC24B00EDCAF2 /* SenTestingKit.framework in Frameworks */,
				83E7D241175AC24B00EDCAF2 /* UIKit.framework in Frameworks */,
				83E7D242175AC24B00EDCAF2 /* Foundation.framework in Frameworks */,
				83E7D243175AC24B00EDCAF2 /* CoreData.framework in Frameworks */,
			);
			runOnlyForDeploymentPostprocessing = 0;
		};
/* End PBXFrameworksBuildPhase section */

/* Begin PBXGroup section */
		83E7D204175AC24A00EDCAF2 = {
			isa = PBXGroup;
			children = (
				83E7D218175AC24B00EDCAF2 /* ChunkTask */,
				83E7D246175AC24B00EDCAF2 /* ChunkTaskTests */,
				83E7D20F175AC24A00EDCAF2 /* Frameworks */,
				83E7D20E175AC24A00EDCAF2 /* Products */,
			);
			sourceTree = "<group>";
		};
		83E7D20E175AC24A00EDCAF2 /* Products */ = {
			isa = PBXGroup;
			children = (
				83E7D20D175AC24A00EDCAF2 /* ChunkTask.app */,
				83E7D23E175AC24B00EDCAF2 /* ChunkTaskTests.octest */,
			);
			name = Products;
			sourceTree = "<group>";
		};
		83E7D20F175AC24A00EDCAF2 /* Frameworks */ = {
			isa = PBXGroup;
			children = (
				83E7D210175AC24B00EDCAF2 /* UIKit.framework */,
				83E7D212175AC24B00EDCAF2 /* Foundation.framework */,
				83E7D214175AC24B00EDCAF2 /* CoreGraphics.framework */,
				83E7D216175AC24B00EDCAF2 /* CoreData.framework */,
				83E7D23F175AC24B00EDCAF2 /* SenTestingKit.framework */,
			);
			name = Frameworks;
			sourceTree = "<group>";
		};
		83E7D218175AC24B00EDCAF2 /* ChunkTask */ = {
			isa = PBXGroup;
			children = (
				83E7D221175AC24B00EDCAF2 /* ChunkTaskAppDelegate.h */,
				83E7D222175AC24B00EDCAF2 /* ChunkTaskAppDelegate.m */,
				83E7D22A175AC24B00EDCAF2 /* MainStoryboard_iPhone.storyboard */,
				83E7D22D175AC24B00EDCAF2 /* MainStoryboard_iPad.storyboard */,
				83E7D233175AC24B00EDCAF2 /* ChunkTaskMainViewController.h */,
				83E7D234175AC24B00EDCAF2 /* ChunkTaskMainViewController.m */,
				83E7D236175AC24B00EDCAF2 /* ChunkTaskFlipsideViewController.h */,
				83E7D237175AC24B00EDCAF2 /* ChunkTaskFlipsideViewController.m */,
				83E7D230175AC24B00EDCAF2 /* ChunkTask.xcdatamodeld */,
				83E7D219175AC24B00EDCAF2 /* Supporting Files */,
			);
			path = ChunkTask;
			sourceTree = "<group>";
		};
		83E7D219175AC24B00EDCAF2 /* Supporting Files */ = {
			isa = PBXGroup;
			children = (
				83E7D21A175AC24B00EDCAF2 /* ChunkTask-Info.plist */,
				83E7D21B175AC24B00EDCAF2 /* InfoPlist.strings */,
				83E7D21E175AC24B00EDCAF2 /* main.m */,
				83E7D220175AC24B00EDCAF2 /* ChunkTask-Prefix.pch */,
				83E7D224175AC24B00EDCAF2 /* Default.png */,
				83E7D226175AC24B00EDCAF2 /* Default@2x.png */,
				83E7D228175AC24B00EDCAF2 /* Default-568h@2x.png */,
			);
			name = "Supporting Files";
			sourceTree = "<group>";
		};
		83E7D246175AC24B00EDCAF2 /* ChunkTaskTests */ = {
			isa = PBXGroup;
			children = (
				83E7D24C175AC24B00EDCAF2 /* ChunkTaskTests.h */,
				83E7D24D175AC24B00EDCAF2 /* ChunkTaskTests.m */,
				83E7D247175AC24B00EDCAF2 /* Supporting Files */,
			);
			path = ChunkTaskTests;
			sourceTree = "<group>";
		};
		83E7D247175AC24B00EDCAF2 /* Supporting Files */ = {
			isa = PBXGroup;
			children = (
				83E7D248175AC24B00EDCAF2 /* ChunkTaskTests-Info.plist */,
				83E7D249175AC24B00EDCAF2 /* InfoPlist.strings */,
			);
			name = "Supporting Files";
			sourceTree = "<group>";
		};
/* End PBXGroup section */

/* Begin PBXNativeTarget section */
		83E7D20C175AC24A00EDCAF2 /* ChunkTask */ = {
			isa = PBXNativeTarget;
			buildConfigurationList = 83E7D251175AC24B00EDCAF2 /* Build configuration list for PBXNativeTarget "ChunkTask" */;
			buildPhases = (
				83E7D209175AC24A00EDCAF2 /* Sources */,
				83E7D20A175AC24A00EDCAF2 /* Frameworks */,
				83E7D20B175AC24A00EDCAF2 /* Resources */,
			);
			buildRules = (
			);
			dependencies = (
			);
			name = ChunkTask;
			productName = ChunkTask;
			productReference = 83E7D20D175AC24A00EDCAF2 /* ChunkTask.app */;
			productType = "com.apple.product-type.application";
		};
		83E7D23D175AC24B00EDCAF2 /* ChunkTaskTests */ = {
			isa = PBXNativeTarget;
			buildConfigurationList = 83E7D254175AC24B00EDCAF2 /* Build configuration list for PBXNativeTarget "ChunkTaskTests" */;
			buildPhases = (
				83E7D239175AC24B00EDCAF2 /* Sources */,
				83E7D23A175AC24B00EDCAF2 /* Frameworks */,
				83E7D23B175AC24B00EDCAF2 /* Resources */,
				83E7D23C175AC24B00EDCAF2 /* ShellScript */,
			);
			buildRules = (
			);
			dependencies = (
				83E7D245175AC24B00EDCAF2 /* PBXTargetDependency */,
			);
			name = ChunkTaskTests;
			productName = ChunkTaskTests;
			productReference = 83E7D23E175AC24B00EDCAF2 /* ChunkTaskTests.octest */;
			productType = "com.apple.product-type.bundle";
		};
/* End PBXNativeTarget section */

/* Begin PBXProject section */
		83E7D205175AC24A00EDCAF2 /* Project object */ = {
			isa = PBXProject;
			attributes = {
				CLASSPREFIX = ChunkTask;
				LastUpgradeCheck = 0460;
				ORGANIZATIONNAME = "THOMAS REITZ";
			};
			buildConfigurationList = 83E7D208175AC24A00EDCAF2 /* Build configuration list for PBXProject "ChunkTask" */;
			compatibilityVersion = "Xcode 3.2";
			developmentRegion = English;
			hasScannedForEncodings = 0;
			knownRegions = (
				en,
			);
			mainGroup = 83E7D204175AC24A00EDCAF2;
			productRefGroup = 83E7D20E175AC24A00EDCAF2 /* Products */;
			projectDirPath = "";
			projectRoot = "";
			targets = (
				83E7D20C175AC24A00EDCAF2 /* ChunkTask */,
				83E7D23D175AC24B00EDCAF2 /* ChunkTaskTests */,
			);
		};
/* End PBXProject section */

/* Begin PBXResourcesBuildPhase section */
		83E7D20B175AC24A00EDCAF2 /* Resources */ = {
			isa = PBXResourcesBuildPhase;
			buildActionMask = 2147483647;
			files = (
				83E7D21D175AC24B00EDCAF2 /* InfoPlist.strings in Resources */,
				83E7D225175AC24B00EDCAF2 /* Default.png in Resources */,
				83E7D227175AC24B00EDCAF2 /* Default@2x.png in Resources */,
				83E7D229175AC24B00EDCAF2 /* Default-568h@2x.png in Resources */,
				83E7D22C175AC24B00EDCAF2 /* MainStoryboard_iPhone.storyboard in Resources */,
				83E7D22F175AC24B00EDCAF2 /* MainStoryboard_iPad.storyboard in Resources */,
			);
			runOnlyForDeploymentPostprocessing = 0;
		};
		83E7D23B175AC24B00EDCAF2 /* Resources */ = {
			isa = PBXResourcesBuildPhase;
			buildActionMask = 2147483647;
			files = (
				83E7D24B175AC24B00EDCAF2 /* InfoPlist.strings in Resources */,
			);
			runOnlyForDeploymentPostprocessing = 0;
		};
/* End PBXResourcesBuildPhase section */

/* Begin PBXShellScriptBuildPhase section */
		83E7D23C175AC24B00EDCAF2 /* ShellScript */ = {
			isa = PBXShellScriptBuildPhase;
			buildActionMask = 2147483647;
			files = (
			);
			inputPaths = (
			);
			outputPaths = (
			);
			runOnlyForDeploymentPostprocessing = 0;
			shellPath = /bin/sh;
			shellScript = "# Run the unit tests in this test bundle.\n\"${SYSTEM_DEVELOPER_DIR}/Tools/RunUnitTests\"\n";
		};
/* End PBXShellScriptBuildPhase section */

/* Begin PBXSourcesBuildPhase section */
		83E7D209175AC24A00EDCAF2 /* Sources */ = {
			isa = PBXSourcesBuildPhase;
			buildActionMask = 2147483647;
			files = (
				83E7D21F175AC24B00EDCAF2 /* main.m in Sources */,
				83E7D223175AC24B00EDCAF2 /* ChunkTaskAppDelegate.m in Sources */,
				83E7D232175AC24B00EDCAF2 /* ChunkTask.xcdatamodeld in Sources */,
				83E7D235175AC24B00EDCAF2 /* ChunkTaskMainViewController.m in Sources */,
				83E7D238175AC24B00EDCAF2 /* ChunkTaskFlipsideViewController.m in Sources */,
			);
			runOnlyForDeploymentPostprocessing = 0;
		};
		83E7D239175AC24B00EDCAF2 /* Sources */ = {
			isa = PBXSourcesBuildPhase;
			buildActionMask = 2147483647;
			files = (
				83E7D24E175AC24B00EDCAF2 /* ChunkTaskTests.m in Sources */,
			);
			runOnlyForDeploymentPostprocessing = 0;
		};
/* End PBXSourcesBuildPhase section */

/* Begin PBXTargetDependency section */
		83E7D245175AC24B00EDCAF2 /* PBXTargetDependency */ = {
			isa = PBXTargetDependency;
			target = 83E7D20C175AC24A00EDCAF2 /* ChunkTask */;
			targetProxy = 83E7D244175AC24B00EDCAF2 /* PBXContainerItemProxy */;
		};
/* End PBXTargetDependency section */

/* Begin PBXVariantGroup section */
		83E7D21B175AC24B00EDCAF2 /* InfoPlist.strings */ = {
			isa = PBXVariantGroup;
			children = (
				83E7D21C175AC24B00EDCAF2 /* en */,
			);
			name = InfoPlist.strings;
			sourceTree = "<group>";
		};
		83E7D22A175AC24B00EDCAF2 /* MainStoryboard_iPhone.storyboard */ = {
			isa = PBXVariantGroup;
			children = (
				83E7D22B175AC24B00EDCAF2 /* en */,
			);
			name = MainStoryboard_iPhone.storyboard;
			sourceTree = "<group>";
		};
		83E7D22D175AC24B00EDCAF2 /* MainStoryboard_iPad.storyboard */ = {
			isa = PBXVariantGroup;
			children = (
				83E7D22E175AC24B00EDCAF2 /* en */,
			);
			name = MainStoryboard_iPad.storyboard;
			sourceTree = "<group>";
		};
		83E7D249175AC24B00EDCAF2 /* InfoPlist.strings */ = {
			isa = PBXVariantGroup;
			children = (
				83E7D24A175AC24B00EDCAF2 /* en */,
			);
			name = InfoPlist.strings;
			sourceTree = "<group>";
		};
/* End PBXVariantGroup section */

/* Begin XCBuildConfiguration section */
		83E7D24F175AC24B00EDCAF2 /* Debug */ = {
			isa = XCBuildConfiguration;
			buildSettings = {
				ALWAYS_SEARCH_USER_PATHS = NO;
				CLANG_CXX_LANGUAGE_STANDARD = "gnu++0x";
				CLANG_CXX_LIBRARY = "libc++";
				CLANG_ENABLE_OBJC_ARC = YES;
				CLANG_WARN_CONSTANT_CONVERSION = YES;
				CLANG_WARN_EMPTY_BODY = YES;
				CLANG_WARN_ENUM_CONVERSION = YES;
				CLANG_WARN_INT_CONVERSION = YES;
				CLANG_WARN__DUPLICATE_METHOD_MATCH = YES;
				"CODE_SIGN_IDENTITY[sdk=iphoneos*]" = "iPhone Developer";
				COPY_PHASE_STRIP = NO;
				GCC_C_LANGUAGE_STANDARD = gnu99;
				GCC_DYNAMIC_NO_PIC = NO;
				GCC_OPTIMIZATION_LEVEL = 0;
				GCC_PREPROCESSOR_DEFINITIONS = (
					"DEBUG=1",
					"$(inherited)",
				);
				GCC_SYMBOLS_PRIVATE_EXTERN = NO;
				GCC_WARN_ABOUT_RETURN_TYPE = YES;
				GCC_WARN_UNINITIALIZED_AUTOS = YES;
				GCC_WARN_UNUSED_VARIABLE = YES;
				IPHONEOS_DEPLOYMENT_TARGET = 6.1;
				ONLY_ACTIVE_ARCH = YES;
				SDKROOT = iphoneos;
				TARGETED_DEVICE_FAMILY = "1,2";
			};
			name = Debug;
		};
		83E7D250175AC24B00EDCAF2 /* Release */ = {
			isa = XCBuildConfiguration;
			buildSettings = {
				ALWAYS_SEARCH_USER_PATHS = NO;
				CLANG_CXX_LANGUAGE_STANDARD = "gnu++0x";
				CLANG_CXX_LIBRARY = "libc++";
				CLANG_ENABLE_OBJC_ARC = YES;
				CLANG_WARN_CONSTANT_CONVERSION = YES;
				CLANG_WARN_EMPTY_BODY = YES;
				CLANG_WARN_ENUM_CONVERSION = YES;
				CLANG_WARN_INT_CONVERSION = YES;
				CLANG_WARN__DUPLICATE_METHOD_MATCH = YES;
				"CODE_SIGN_IDENTITY[sdk=iphoneos*]" = "iPhone Developer";
				COPY_PHASE_STRIP = YES;
				GCC_C_LANGUAGE_STANDARD = gnu99;
				GCC_WARN_ABOUT_RETURN_TYPE = YES;
				GCC_WARN_UNINITIALIZED_AUTOS = YES;
				GCC_WARN_UNUSED_VARIABLE = YES;
				IPHONEOS_DEPLOYMENT_TARGET = 6.1;
				OTHER_CFLAGS = "-DNS_BLOCK_ASSERTIONS=1";
				SDKROOT = iphoneos;
				TARGETED_DEVICE_FAMILY = "1,2";
				VALIDATE_PRODUCT = YES;
			};
			name = Release;
		};
		83E7D252175AC24B00EDCAF2 /* Debug */ = {
			isa = XCBuildConfiguration;
			buildSettings = {
				GCC_PRECOMPILE_PREFIX_HEADER = YES;
				GCC_PREFIX_HEADER = "ChunkTask/ChunkTask-Prefix.pch";
				INFOPLIST_FILE = "ChunkTask/ChunkTask-Info.plist";
				PRODUCT_NAME = "$(TARGET_NAME)";
				WRAPPER_EXTENSION = app;
			};
			name = Debug;
		};
		83E7D253175AC24B00EDCAF2 /* Release */ = {
			isa = XCBuildConfiguration;
			buildSettings = {
				GCC_PRECOMPILE_PREFIX_HEADER = YES;
				GCC_PREFIX_HEADER = "ChunkTask/ChunkTask-Prefix.pch";
				INFOPLIST_FILE = "ChunkTask/ChunkTask-Info.plist";
				PRODUCT_NAME = "$(TARGET_NAME)";
				WRAPPER_EXTENSION = app;
			};
			name = Release;
		};
		83E7D255175AC24B00EDCAF2 /* Debug */ = {
			isa = XCBuildConfiguration;
			buildSettings = {
				BUNDLE_LOADER = "$(BUILT_PRODUCTS_DIR)/ChunkTask.app/ChunkTask";
				FRAMEWORK_SEARCH_PATHS = (
					"\"$(SDKROOT)/Developer/Library/Frameworks\"",
					"\"$(DEVELOPER_LIBRARY_DIR)/Frameworks\"",
				);
				GCC_PRECOMPILE_PREFIX_HEADER = YES;
				GCC_PREFIX_HEADER = "ChunkTask/ChunkTask-Prefix.pch";
				INFOPLIST_FILE = "ChunkTaskTests/ChunkTaskTests-Info.plist";
				PRODUCT_NAME = "$(TARGET_NAME)";
				TEST_HOST = "$(BUNDLE_LOADER)";
				WRAPPER_EXTENSION = octest;
			};
			name = Debug;
		};
		83E7D256175AC24B00EDCAF2 /* Release */ = {
			isa = XCBuildConfiguration;
			buildSettings = {
				BUNDLE_LOADER = "$(BUILT_PRODUCTS_DIR)/ChunkTask.app/ChunkTask";
				FRAMEWORK_SEARCH_PATHS = (
					"\"$(SDKROOT)/Developer/Library/Frameworks\"",
					"\"$(DEVELOPER_LIBRARY_DIR)/Frameworks\"",
				);
				GCC_PRECOMPILE_PREFIX_HEADER = YES;
				GCC_PREFIX_HEADER = "ChunkTask/ChunkTask-Prefix.pch";
				INFOPLIST_FILE = "ChunkTaskTests/ChunkTaskTests-Info.plist";
				PRODUCT_NAME = "$(TARGET_NAME)";
				TEST_HOST = "$(BUNDLE_LOADER)";
				WRAPPER_EXTENSION = octest;
			};
			name = Release;
		};
/* End XCBuildConfiguration section */

/* Begin XCConfigurationList section */
		83E7D208175AC24A00EDCAF2 /* Build configuration list for PBXProject "ChunkTask" */ = {
			isa = XCConfigurationList;
			buildConfigurations = (
				83E7D24F175AC24B00EDCAF2 /* Debug */,
				83E7D250175AC24B00EDCAF2 /* Release */,
			);
			defaultConfigurationIsVisible = 0;
			defaultConfigurationName = Release;
		};
		83E7D251175AC24B00EDCAF2 /* Build configuration list for PBXNativeTarget "ChunkTask" */ = {
			isa = XCConfigurationList;
			buildConfigurations = (
				83E7D252175AC24B00EDCAF2 /* Debug */,
				83E7D253175AC24B00EDCAF2 /* Release */,
			);
			defaultConfigurationIsVisible = 0;
		};
		83E7D254175AC24B00EDCAF2 /* Build configuration list for PBXNativeTarget "ChunkTaskTests" */ = {
			isa = XCConfigurationList;
			buildConfigurations = (
				83E7D255175AC24B00EDCAF2 /* Debug */,
				83E7D256175AC24B00EDCAF2 /* Release */,
			);
			defaultConfigurationIsVisible = 0;
		};
/* End XCConfigurationList section */

/* Begin XCVersionGroup section */
		83E7D230175AC24B00EDCAF2 /* ChunkTask.xcdatamodeld */ = {
			isa = XCVersionGroup;
			children = (
				83E7D231175AC24B00EDCAF2 /* ChunkTask.xcdatamodel */,
			);
			currentVersion = 83E7D231175AC24B00EDCAF2 /* ChunkTask.xcdatamodel */;
			path = ChunkTask.xcdatamodeld;
			sourceTree = "<group>";
			versionGroupType = wrapper.xcdatamodel;
		};
/* End XCVersionGroup section */
	};
	rootObject = 83E7D205175AC24A00EDCAF2 /* Project object */;
}
